{
    "dealerdirect/phpcodesniffer-composer-installer": {
        "version": "v0.7.1"
    },
    "doctrine/annotations": {
        "version": "1.0",
        "recipe": {
            "repo": "github.com/symfony/recipes",
            "branch": "master",
            "version": "1.0",
            "ref": "a2759dd6123694c8d901d0ec80006e044c2e6457"
        },
        "files": [
            "config/routes/annotations.yaml"
        ]
    },
    "doctrine/cache": {
        "version": "1.10.0"
    },
    "doctrine/coding-standard": {
        "version": "9.0.0"
    },
    "doctrine/collections": {
        "version": "1.6.4"
    },
    "doctrine/common": {
        "version": "2.12.0"
    },
    "doctrine/data-fixtures": {
        "version": "1.4.2"
    },
    "doctrine/dbal": {
        "version": "2.10.2"
    },
    "doctrine/deprecations": {
        "version": "v0.5.3"
    },
    "doctrine/doctrine-bundle": {
        "version": "2.0",
        "recipe": {
            "repo": "github.com/symfony/recipes",
            "branch": "master",
            "version": "2.0",
            "ref": "a9f2463b9f73efe74482f831f03a204a41328555"
        },
        "files": [
            "config/packages/doctrine.yaml",
            "config/packages/prod/doctrine.yaml",
            "src/Entity/.gitignore",
            "src/Repository/.gitignore"
        ]
    },
    "doctrine/doctrine-fixtures-bundle": {
        "version": "3.0",
        "recipe": {
            "repo": "github.com/symfony/recipes",
            "branch": "master",
            "version": "3.0",
            "ref": "fc52d86631a6dfd9fdf3381d0b7e3df2069e51b3"
        },
        "files": [
            "src/DataFixtures/AppFixtures.php"
        ]
    },
    "doctrine/doctrine-migrations-bundle": {
        "version": "1.2",
        "recipe": {
            "repo": "github.com/symfony/recipes",
            "branch": "master",
            "version": "1.2",
            "ref": "c1431086fec31f17fbcfe6d6d7e92059458facc1"
        },
        "files": [
            "config/packages/doctrine_migrations.yaml",
            "src/Migrations/.gitignore"
        ]
    },
    "doctrine/event-manager": {
        "version": "1.1.0"
    },
    "doctrine/inflector": {
        "version": "1.3.1"
    },
    "doctrine/instantiator": {
        "version": "1.3.0"
    },
    "doctrine/lexer": {
        "version": "1.2.0"
    },
    "doctrine/migrations": {
        "version": "2.2.1"
    },
    "doctrine/orm": {
        "version": "v2.7.2"
    },
    "doctrine/persistence": {
        "version": "1.3.7"
    },
    "doctrine/sql-formatter": {
        "version": "1.1.1"
    },
    "friendsofphp/php-cs-fixer": {
        "version": "3.66",
        "recipe": {
            "repo": "github.com/symfony/recipes",
            "branch": "main",
            "version": "3.0",
            "ref": "be2103eb4a20942e28a6dd87736669b757132435"
        },
        "files": [
            ".php-cs-fixer.dist.php"
        ]
    },
    "friendsofphp/proxy-manager-lts": {
        "version": "v1.0.5"
    },
    "gyro/mvc-bundle": {
        "version": "v0.10.1"
    },
    "kriswallsmith/buzz": {
        "version": "v0.13"
    },
    "laminas/laminas-code": {
        "version": "3.4.1"
    },
    "laminas/laminas-eventmanager": {
        "version": "3.2.1"
    },
    "laminas/laminas-zendframework-bridge": {
        "version": "1.0.3"
    },
    "monolog/monolog": {
        "version": "1.25.3"
    },
    "myclabs/deep-copy": {
        "version": "1.9.5"
    },
    "nikic/php-parser": {
        "version": "v4.4.0"
    },
    "ocramius/package-versions": {
        "version": "1.8.0"
    },
    "phake/phake": {
        "version": "v3.1.7"
    },
    "phar-io/manifest": {
        "version": "1.0.3"
    },
    "phar-io/version": {
        "version": "2.0.1"
    },
    "php": {
        "version": "7.4"
    },
    "php-http/discovery": {
        "version": "1.18",
        "recipe": {
            "repo": "github.com/symfony/recipes",
            "branch": "main",
            "version": "1.18",
            "ref": "f45b5dd173a27873ab19f5e3180b2f661c21de02"
        },
        "files": [
            "config/packages/http_discovery.yaml"
        ]
    },
    "phpdocumentor/reflection-common": {
        "version": "2.1.0"
    },
    "phpdocumentor/reflection-docblock": {
        "version": "5.1.0"
    },
    "phpdocumentor/type-resolver": {
        "version": "1.1.0"
    },
    "phpspec/prophecy": {
        "version": "v1.10.3"
    },
    "phpstan/phpdoc-parser": {
        "version": "0.5.4"
    },
    "phpunit/php-code-coverage": {
        "version": "6.1.4"
    },
    "phpunit/php-file-iterator": {
        "version": "2.0.2"
    },
    "phpunit/php-invoker": {
        "version": "3.1.1"
    },
    "phpunit/php-text-template": {
        "version": "1.2.1"
    },
    "phpunit/php-timer": {
        "version": "2.1.2"
    },
    "phpunit/phpunit": {
        "version": "4.7",
        "recipe": {
            "repo": "github.com/symfony/recipes",
            "branch": "master",
            "version": "4.7",
            "ref": "00fdb38c318774cd39f475a753028a5e8d25d47c"
        },
        "files": [
            ".env.test",
            "phpunit.xml.dist",
            "tests/bootstrap.php"
        ]
    },
    "predis/predis": {
        "version": "v1.1.1"
    },
    "psr/cache": {
        "version": "1.0.1"
    },
    "psr/container": {
        "version": "1.0.0"
    },
    "psr/log": {
        "version": "1.1.3"
    },
    "sebastian/cli-parser": {
        "version": "1.0.1"
    },
    "sebastian/code-unit": {
        "version": "1.0.8"
    },
    "sebastian/code-unit-reverse-lookup": {
        "version": "1.0.1"
    },
    "sebastian/comparator": {
        "version": "3.0.2"
    },
    "sebastian/complexity": {
        "version": "2.0.2"
    },
    "sebastian/diff": {
        "version": "3.0.2"
    },
    "sebastian/environment": {
        "version": "4.2.3"
    },
    "sebastian/exporter": {
        "version": "3.1.2"
    },
    "sebastian/global-state": {
        "version": "2.0.0"
    },
    "sebastian/lines-of-code": {
        "version": "1.0.3"
    },
    "sebastian/object-enumerator": {
        "version": "3.0.3"
    },
    "sebastian/object-reflector": {
        "version": "1.1.1"
    },
    "sebastian/recursion-context": {
        "version": "3.0.0"
    },
    "sebastian/resource-operations": {
        "version": "2.0.1"
    },
    "sebastian/type": {
        "version": "1.1.4"
    },
    "sebastian/version": {
        "version": "2.0.1"
    },
    "sensio/framework-extra-bundle": {
        "version": "5.2",
        "recipe": {
            "repo": "github.com/symfony/recipes",
            "branch": "master",
            "version": "5.2",
            "ref": "fb7e19da7f013d0d422fa9bce16f5c510e27609b"
        },
        "files": [
            "config/packages/sensio_framework_extra.yaml"
        ]
    },
    "sentry/sentry-symfony": {
        "version": "4.8",
        "recipe": {
            "repo": "github.com/symfony/recipes-contrib",
            "branch": "main",
            "version": "3.0",
            "ref": "31024cb40a800443dc032ce8b463b73879a7942a"
        },
        "files": [
            "config/packages/prod/sentry.yaml"
        ]
    },
    "slevomat/coding-standard": {
        "version": "7.0.8"
    },
    "squizlabs/php_codesniffer": {
        "version": "3.6",
        "recipe": {
            "repo": "github.com/symfony/recipes-contrib",
            "branch": "master",
            "version": "3.6",
            "ref": "1019e5c08d4821cb9b77f4891f8e9c31ff20ac6f"
        },
        "files": [
            "phpcs.xml.dist"
        ]
    },
    "symfony/asset": {
        "version": "v4.4.8"
    },
    "symfony/cache": {
        "version": "v4.4.8"
    },
    "symfony/cache-contracts": {
        "version": "v2.0.1"
    },
    "symfony/config": {
        "version": "v4.4.8"
    },
    "symfony/console": {
        "version": "4.4",
        "recipe": {
            "repo": "github.com/symfony/recipes",
            "branch": "master",
            "version": "4.4",
            "ref": "ea8c0eda34fda57e7d5cd8cbd889e2a387e3472c"
        },
        "files": [
            "bin/console",
            "config/bootstrap.php"
        ]
    },
    "symfony/css-selector": {
        "version": "v4.4.8"
    },
    "symfony/debug": {
        "version": "v4.4.8"
    },
    "symfony/dependency-injection": {
        "version": "v4.4.8"
    },
    "symfony/deprecation-contracts": {
        "version": "v2.4.0"
    },
    "symfony/doctrine-bridge": {
        "version": "v4.4.8"
    },
    "symfony/dotenv": {
        "version": "v4.4.8"
    },
    "symfony/error-handler": {
        "version": "v4.4.8"
    },
    "symfony/event-dispatcher": {
        "version": "v4.4.8"
    },
    "symfony/event-dispatcher-contracts": {
        "version": "v1.1.7"
    },
    "symfony/filesystem": {
        "version": "v4.4.8"
    },
    "symfony/finder": {
        "version": "v4.4.8"
    },
    "symfony/flex": {
        "version": "1.0",
        "recipe": {
            "repo": "github.com/symfony/recipes",
            "branch": "master",
            "version": "1.0",
            "ref": "c0eeb50665f0f77226616b6038a9b06c03752d8e"
        },
        "files": [
            ".env"
        ]
    },
    "symfony/form": {
        "version": "v4.4.8"
    },
    "symfony/framework-bundle": {
        "version": "4.4",
        "recipe": {
            "repo": "github.com/symfony/recipes",
            "branch": "master",
            "version": "4.4",
            "ref": "36d3075b2b8e0c4de0e82356a86e4c4a4eb6681b"
        },
        "files": [
            "config/bootstrap.php",
            "config/packages/cache.yaml",
            "config/packages/framework.yaml",
            "config/packages/test/framework.yaml",
            "config/routes/dev/framework.yaml",
            "config/services.yaml",
            "public/index.php",
            "src/Controller/.gitignore",
            "src/Kernel.php"
        ]
    },
    "symfony/http-client-contracts": {
        "version": "v2.1.2"
    },
    "symfony/http-foundation": {
        "version": "v4.4.8"
    },
    "symfony/http-kernel": {
        "version": "v4.4.8"
    },
    "symfony/inflector": {
        "version": "v4.4.8"
    },
    "symfony/intl": {
        "version": "v4.4.8"
    },
    "symfony/maker-bundle": {
        "version": "1.0",
        "recipe": {
            "repo": "github.com/symfony/recipes",
            "branch": "master",
            "version": "1.0",
            "ref": "fadbfe33303a76e25cb63401050439aa9b1a9c7f"
        }
    },
    "symfony/messenger": {
        "version": "6.3",
        "recipe": {
            "repo": "github.com/symfony/recipes",
            "branch": "main",
            "version": "6.0",
            "ref": "ba1ac4e919baba5644d31b57a3284d6ba12d52ee"
        },
        "files": [
            "config/packages/messenger.yaml"
        ]
    },
    "symfony/mime": {
        "version": "v4.4.8"
    },
    "symfony/monolog-bridge": {
        "version": "v4.4.8"
    },
    "symfony/monolog-bundle": {
        "version": "3.3",
        "recipe": {
            "repo": "github.com/symfony/recipes",
            "branch": "master",
            "version": "3.3",
            "ref": "a89f4cd8a232563707418eea6c2da36acd36a917"
        },
        "files": [
            "config/packages/dev/monolog.yaml",
            "config/packages/prod/monolog.yaml",
            "config/packages/test/monolog.yaml"
        ]
    },
    "symfony/options-resolver": {
        "version": "v4.4.8"
    },
    "symfony/orm-pack": {
        "version": "v1.0.8"
    },
    "symfony/polyfill-ctype": {
        "version": "v1.15.0"
    },
    "symfony/polyfill-intl-icu": {
        "version": "v1.15.0"
    },
    "symfony/polyfill-intl-normalizer": {
        "version": "v1.23.0"
    },
    "symfony/polyfill-mbstring": {
        "version": "v1.15.0"
    },
    "symfony/polyfill-php72": {
        "version": "v1.15.0"
    },
    "symfony/polyfill-php73": {
        "version": "v1.15.0"
    },
    "symfony/polyfill-php80": {
        "version": "v1.23.0"
    },
    "symfony/polyfill-php81": {
        "version": "v1.23.0"
    },
    "symfony/process": {
        "version": "v4.4.35"
    },
    "symfony/profiler-pack": {
        "version": "v1.0.4"
    },
    "symfony/property-access": {
        "version": "v4.4.8"
    },
    "symfony/proxy-manager-bridge": {
        "version": "v4.4.25"
    },
    "symfony/routing": {
        "version": "4.2",
        "recipe": {
            "repo": "github.com/symfony/recipes",
            "branch": "master",
            "version": "4.2",
            "ref": "683dcb08707ba8d41b7e34adb0344bfd68d248a7"
        },
        "files": [
            "config/packages/prod/routing.yaml",
            "config/packages/routing.yaml",
            "config/routes.yaml"
        ]
    },
    "symfony/security-bundle": {
        "version": "4.4",
        "recipe": {
            "repo": "github.com/symfony/recipes",
            "branch": "master",
            "version": "4.4",
            "ref": "7b4408dc203049666fe23fabed23cbadc6d8440f"
        },
        "files": [
            "config/packages/security.yaml"
        ]
    },
    "symfony/security-core": {
        "version": "v4.4.8"
    },
    "symfony/security-csrf": {
        "version": "v4.4.8"
    },
    "symfony/security-guard": {
        "version": "v4.4.8"
    },
    "symfony/security-http": {
        "version": "v4.4.8"
    },
    "symfony/service-contracts": {
        "version": "v2.0.1"
    },
    "symfony/stopwatch": {
        "version": "v4.4.8"
    },
    "symfony/templating": {
        "version": "v4.4.8"
    },
    "symfony/translation": {
        "version": "3.3",
        "recipe": {
            "repo": "github.com/symfony/recipes",
            "branch": "master",
            "version": "3.3",
            "ref": "2ad9d2545bce8ca1a863e50e92141f0b9d87ffcd"
        },
        "files": [
            "config/packages/translation.yaml",
            "translations/.gitignore"
        ]
    },
    "symfony/translation-contracts": {
        "version": "v2.0.1"
    },
    "symfony/twig-bridge": {
        "version": "v4.4.8"
    },
    "symfony/twig-bundle": {
        "version": "4.4",
        "recipe": {
            "repo": "github.com/symfony/recipes",
            "branch": "master",
            "version": "4.4",
            "ref": "15a41bbd66a1323d09824a189b485c126bbefa51"
        },
        "files": [
            "config/packages/test/twig.yaml",
            "config/packages/twig.yaml",
            "templates/base.html.twig"
        ]
    },
    "symfony/validator": {
        "version": "4.3",
        "recipe": {
            "repo": "github.com/symfony/recipes",
            "branch": "master",
            "version": "4.3",
            "ref": "d902da3e4952f18d3bf05aab29512eb61cabd869"
        },
        "files": [
            "config/packages/test/validator.yaml",
            "config/packages/validator.yaml"
        ]
    },
    "symfony/var-dumper": {
        "version": "v4.4.8"
    },
    "symfony/var-exporter": {
        "version": "v4.4.8"
    },
    "symfony/web-profiler-bundle": {
        "version": "3.3",
        "recipe": {
            "repo": "github.com/symfony/recipes",
            "branch": "master",
            "version": "3.3",
            "ref": "6bdfa1a95f6b2e677ab985cd1af2eae35d62e0f6"
        },
        "files": [
            "config/packages/dev/web_profiler.yaml",
            "config/packages/test/web_profiler.yaml",
            "config/routes/dev/web_profiler.yaml"
        ]
    },
    "symfony/webpack-encore-bundle": {
        "version": "1.9",
        "recipe": {
            "repo": "github.com/symfony/recipes",
            "branch": "master",
            "version": "1.9",
            "ref": "0f274572ea315eb3b5884518a50ca43f211b4534"
        },
        "files": [
            "assets/app.js",
            "assets/bootstrap.js",
            "assets/controllers.json",
            "assets/controllers/hello_controller.js",
            "assets/styles/app.css",
            "config/packages/assets.yaml",
            "config/packages/prod/webpack_encore.yaml",
            "config/packages/test/webpack_encore.yaml",
            "config/packages/webpack_encore.yaml",
            "package.json",
            "webpack.config.js"
        ]
    },
    "symfony/yaml": {
        "version": "v4.4.8"
    },
    "theseer/tokenizer": {
        "version": "1.1.3"
    },
    "twig/twig": {
        "version": "v3.0.3"
    },
    "webmozart/assert": {
        "version": "1.8.0"
    },
    "zendframework/zend-escaper": {
        "version": "2.6.1"
    },
    "zendframework/zend-feed": {
        "version": "2.12.0"
    },
    "zendframework/zend-stdlib": {
        "version": "3.2.1"
    }
}
